
Microsoft Visual Studio Solution File, Format Version 12.00
# Visual Studio 15
Project("{FAE04EC0-301F-11D3-BF4B-00C04F79EFBC}") = "Assembly-CSharp-firstpass", "Assembly-CSharp-firstpass.csproj", "{1F4627DF-DFCB-39CE-EB12-9B5262610242}"
EndProject
Project("{FAE04EC0-301F-11D3-BF4B-00C04F79EFBC}") = "Assembly-CSharp", "Assembly-CSharp.csproj", "{5CAF3285-DB3C-5549-6936-0D6977C48D45}"
EndProject
Project("{FAE04EC0-301F-11D3-BF4B-00C04F79EFBC}") = "Assembly-CSharp-Editor-firstpass", "Assembly-CSharp-Editor-firstpass.csproj", "{74F5768D-276D-72F7-284C-6536BFE5FE0B}"
EndProject
Global
	GlobalSection(SolutionConfigurationPlatforms) = preSolution
		Debug|Any CPU = Debug|Any CPU
		Release|Any CPU = Release|Any CPU
	EndGlobalSection
	GlobalSection(ProjectConfigurationPlatforms) = postSolution
		{1F4627DF-DFCB-39CE-EB12-9B5262610242}.Debug|Any CPU.ActiveCfg = Debug|Any CPU
		{1F4627DF-DFCB-39CE-EB12-9B5262610242}.Debug|Any CPU.Build.0 = Debug|Any CPU
		{1F4627DF-DFCB-39CE-EB12-9B5262610242}.Release|Any CPU.ActiveCfg = Release|Any CPU
		{1F4627DF-DFCB-39CE-EB12-9B5262610242}.Release|Any CPU.Build.0 = Release|Any CPU
		{5CAF3285-DB3C-5549-6936-0D6977C48D45}.Debug|Any CPU.ActiveCfg = Debug|Any CPU
		{5CAF3285-DB3C-5549-6936-0D6977C48D45}.Debug|Any CPU.Build.0 = Debug|Any CPU
		{5CAF3285-DB3C-5549-6936-0D6977C48D45}.Release|Any CPU.ActiveCfg = Release|Any CPU
		{5CAF3285-DB3C-5549-6936-0D6977C48D45}.Release|Any CPU.Build.0 = Release|Any CPU
		{74F5768D-276D-72F7-284C-6536BFE5FE0B}.Debug|Any CPU.ActiveCfg = Debug|Any CPU
		{74F5768D-276D-72F7-284C-6536BFE5FE0B}.Debug|Any CPU.Build.0 = Debug|Any CPU
		{74F5768D-276D-72F7-284C-6536BFE5FE0B}.Release|Any CPU.ActiveCfg = Release|Any CPU
		{74F5768D-276D-72F7-284C-6536BFE5FE0B}.Release|Any CPU.Build.0 = Release|Any CPU
	EndGlobalSection
	GlobalSection(SolutionProperties) = preSolution
		HideSolutionNode = FALSE
	EndGlobalSection
EndGlobal
